# This file is automatically @generated by Cargo.
# It is not intended for manual editing.
version = 4

[[package]]
name = "libc"
version = "0.2.186"
source = "registry+https://github.com/rust-lang/crates.io-index"
checksum = "68ab91017fe16c622486840e4c83c9a37afeff978bd239b5293d61ece587de66"

[[package]]
name = "osal"
version = "0.1.0"
dependencies = [
 "osal-api",
 "osal-backend-mock",
 "osal-backend-posix",
 "osal-shared",
]

[[package]]
name = "osal-api"
version = "0.1.0"

[[package]]
name = "osal-backend-mock"
version = "0.1.0"
dependencies = [
 "osal-api",
 "osal-shared",
]

[[package]]
name = "osal-backend-posix"
version = "0.1.0"
dependencies = [
 "libc",
 "osal-api",
 "osal-portable",
 "osal-shared",
]

[[package]]
name = "osal-bsp"
version = "0.1.0"
dependencies = [
 "osal-api",
]

[[package]]
name = "osal-bsp-linux"
version = "0.1.0"
dependencies = [
 "osal-bsp",
]

[[package]]
name = "osal-portable"
version = "0.1.0"
dependencies = [
 "osal-api",
 "osal-shared",
]

[[package]]
name = "osal-shared"
version = "0.1.0"
dependencies = [
 "osal-api",
]

[[package]]
name = "osal-testkit"
version = "0.1.0"
dependencies = [
 "osal-api",
]
